// !$*UTF8*$!
{
	archiveVersion = 1;
	classes = {
	};
	objectVersion = 46;
	objects = {

/* Begin PBXBuildFile section */
		324A99FE1C0027E800183EAA /* main.m in Sources */ = {isa = PBXBuildFile; fileRef = 324A99FD1C0027E800183EAA /* main.m */; };
		324A9A011C0027E800183EAA /* AppDelegate.m in Sources */ = {isa = PBXBuildFile; fileRef = 324A9A001C0027E800183EAA /* AppDelegate.m */; };
		324A9A041C0027E800183EAA /* ViewController.m in Sources */ = {isa = PBXBuildFile; fileRef = 324A9A031C0027E800183EAA /* ViewController.m */; };
		324A9A091C0027E800183EAA /* Assets.xcassets in Resources */ = {isa = PBXBuildFile; fileRef = 324A9A081C0027E800183EAA /* Assets.xcassets */; };
		324A9A0C1C0027E800183EAA /* LaunchScreen.storyboard in Resources */ = {isa = PBXBuildFile; fileRef = 324A9A0A1C0027E800183EAA /* LaunchScreen.storyboard */; };
		324A9A181C0028D600183EAA /* NSArray+Functional.m in Sources */ = {isa = PBXBuildFile; fileRef = 324A9A151C0028D600183EAA /* NSArray+Functional.m */; };
		324A9A191C0028D600183EAA /* NSDictionary+Functional.m in Sources */ = {isa = PBXBuildFile; fileRef = 324A9A171C0028D600183EAA /* NSDictionary+Functional.m */; };
		324A9A1C1C00291700183EAA /* ThumbnailsLayout.m in Sources */ = {isa = PBXBuildFile; fileRef = 324A9A1B1C00291700183EAA /* ThumbnailsLayout.m */; };
		324A9A2A1C0029D900183EAA /* VKSdkFramework.framework in Frameworks */ = {isa = PBXBuildFile; fileRef = 324A9A291C0029D300183EAA /* VKSdkFramework.framework */; };
		324A9A2B1C0029D900183EAA /* VKSdkFramework.framework in Embed Frameworks */ = {isa = PBXBuildFile; fileRef = 324A9A291C0029D300183EAA /* VKSdkFramework.framework */; settings = {ATTRIBUTES = (CodeSignOnCopy, RemoveHeadersOnCopy, ); }; };
/* End PBXBuildFile section */

/* Begin PBXContainerItemProxy section */
		324A9A241C0029D300183EAA /* PBXContainerItemProxy */ = {
			isa = PBXContainerItemProxy;
			containerPortal = 324A9A1D1C0029D200183EAA /* VK-ios-sdk.xcodeproj */;
			proxyType = 2;
			remoteGlobalIDString = F3C7542D182133CC00964716;
			remoteInfo = VKSdk;
		};
		324A9A261C0029D300183EAA /* PBXContainerItemProxy */ = {
			isa = PBXContainerItemProxy;
			containerPortal = 324A9A1D1C0029D200183EAA /* VK-ios-sdk.xcodeproj */;
			proxyType = 2;
			remoteGlobalIDString = F3BACC401865905B003158DA;
			remoteInfo = VKSdkResources;
		};
		324A9A281C0029D300183EAA /* PBXContainerItemProxy */ = {
			isa = PBXContainerItemProxy;
			containerPortal = 324A9A1D1C0029D200183EAA /* VK-ios-sdk.xcodeproj */;
			proxyType = 2;
			remoteGlobalIDString = F34670311B8B7C5A003EF74B;
			remoteInfo = VKSdkFramework;
		};
		324A9A2C1C0029D900183EAA /* PBXContainerItemProxy */ = {
			isa = PBXContainerItemProxy;
			containerPortal = 324A9A1D1C0029D200183EAA /* VK-ios-sdk.xcodeproj */;
			proxyType = 1;
			remoteGlobalIDString = F34670301B8B7C5A003EF74B;
			remoteInfo = VKSdkFramework;
		};
/* End PBXContainerItemProxy section */

/* Begin PBXCopyFilesBuildPhase section */
		324A9A2E1C0029D900183EAA /* Embed Frameworks */ = {
			isa = PBXCopyFilesBuildPhase;
			buildActionMask = 2147483647;
			dstPath = "";
			dstSubfolderSpec = 10;
			files = (
				324A9A2B1C0029D900183EAA /* VKSdkFramework.framework in Embed Frameworks */,
			);
			name = "Embed Frameworks";
			runOnlyForDeploymentPostprocessing = 0;
		};
/* End PBXCopyFilesBuildPhase section */

/* Begin PBXFileReference section */
		324A99F91C0027E800183EAA /* VKDemo1.app */ = {isa = PBXFileReference; explicitFileType = wrapper.application; includeInIndex = 0; path = VKDemo1.app; sourceTree = BUILT_PRODUCTS_DIR; };
		324A99FD1C0027E800183EAA /* main.m */ = {isa = PBXFileReference; lastKnownFileType = sourcecode.c.objc; path = main.m; sourceTree = "<group>"; };
		324A99FF1C0027E800183EAA /* AppDelegate.h */ = {isa = PBXFileReference; lastKnownFileType = sourcecode.c.h; path = AppDelegate.h; sourceTree = "<group>"; };
		324A9A001C0027E800183EAA /* AppDelegate.m */ = {isa = PBXFileReference; lastKnownFileType = sourcecode.c.objc; path = AppDelegate.m; sourceTree = "<group>"; };
		324A9A021C0027E800183EAA /* ViewController.h */ = {isa = PBXFileReference; lastKnownFileType = sourcecode.c.h; path = ViewController.h; sourceTree = "<group>"; };
		324A9A031C0027E800183EAA /* ViewController.m */ = {isa = PBXFileReference; lastKnownFileType = sourcecode.c.objc; path = ViewController.m; sourceTree = "<group>"; };
		324A9A081C0027E800183EAA /* Assets.xcassets */ = {isa = PBXFileReference; lastKnownFileType = folder.assetcatalog; path = Assets.xcassets; sourceTree = "<group>"; };
		324A9A0B1C0027E800183EAA /* Base */ = {isa = PBXFileReference; lastKnownFileType = file.storyboard; name = Base; path = Base.lproj/LaunchScreen.storyboard; sourceTree = "<group>"; };
		324A9A0D1C0027E800183EAA /* Info.plist */ = {isa = PBXFileReference; lastKnownFileType = text.plist.xml; path = Info.plist; sourceTree = "<group>"; };
		324A9A141C0028D600183EAA /* NSArray+Functional.h */ = {isa = PBXFileReference; fileEncoding = 4; lastKnownFileType = sourcecode.c.h; path = "NSArray+Functional.h"; sourceTree = "<group>"; };
		324A9A151C0028D600183EAA /* NSArray+Functional.m */ = {isa = PBXFileReference; fileEncoding = 4; lastKnownFileType = sourcecode.c.objc; path = "NSArray+Functional.m"; sourceTree = "<group>"; };
		324A9A161C0028D600183EAA /* NSDictionary+Functional.h */ = {isa = PBXFileReference; fileEncoding = 4; lastKnownFileType = sourcecode.c.h; path = "NSDictionary+Functional.h"; sourceTree = "<group>"; };
		324A9A171C0028D600183EAA /* NSDictionary+Functional.m */ = {isa = PBXFileReference; fileEncoding = 4; lastKnownFileType = sourcecode.c.objc; path = "NSDictionary+Functional.m"; sourceTree = "<group>"; };
		324A9A1A1C00291700183EAA /* ThumbnailsLayout.h */ = {isa = PBXFileReference; fileEncoding = 4; lastKnownFileType = sourcecode.c.h; path = ThumbnailsLayout.h; sourceTree = "<group>"; };
		324A9A1B1C00291700183EAA /* ThumbnailsLayout.m */ = {isa = PBXFileReference; fileEncoding = 4; lastKnownFileType = sourcecode.c.objc; path = ThumbnailsLayout.m; sourceTree = "<group>"; };
		324A9A1D1C0029D200183EAA /* VK-ios-sdk.xcodeproj */ = {isa = PBXFileReference; lastKnownFileType = "wrapper.pb-project"; name = "VK-ios-sdk.xcodeproj"; path = "VKSDK/VK-ios-sdk.xcodeproj"; sourceTree = "<group>"; };
/* End PBXFileReference section */

/* Begin PBXFrameworksBuildPhase section */
		324A99F61C0027E800183EAA /* Frameworks */ = {
			isa = PBXFrameworksBuildPhase;
			buildActionMask = 2147483647;
			files = (
				324A9A2A1C0029D900183EAA /* VKSdkFramework.framework in Frameworks */,
			);
			runOnlyForDeploymentPostprocessing = 0;
		};
/* End PBXFrameworksBuildPhase section */

/* Begin PBXGroup section */
		324A99F01C0027E800183EAA = {
			isa = PBXGroup;
			children = (
				324A9A1D1C0029D200183EAA /* VK-ios-sdk.xcodeproj */,
				324A99FB1C0027E800183EAA /* VKDemo1 */,
				324A99FA1C0027E800183EAA /* Products */,
			);
			sourceTree = "<group>";
		};
		324A99FA1C0027E800183EAA /* Products */ = {
			isa = PBXGroup;
			children = (
				324A99F91C0027E800183EAA /* VKDemo1.app */,
			);
			name = Products;
			sourceTree = "<group>";
		};
		324A99FB1C0027E800183EAA /* VKDemo1 */ = {
			isa = PBXGroup;
			children = (
				324A9A131C0028CC00183EAA /* Functional */,
				324A99FF1C0027E800183EAA /* AppDelegate.h */,
				324A9A001C0027E800183EAA /* AppDelegate.m */,
				324A9A021C0027E800183EAA /* ViewController.h */,
				324A9A031C0027E800183EAA /* ViewController.m */,
				324A9A1A1C00291700183EAA /* ThumbnailsLayout.h */,
				324A9A1B1C00291700183EAA /* ThumbnailsLayout.m */,
				324A9A081C0027E800183EAA /* Assets.xcassets */,
				324A9A0A1C0027E800183EAA /* LaunchScreen.storyboard */,
				324A9A0D1C0027E800183EAA /* Info.plist */,
				324A99FC1C0027E800183EAA /* Supporting Files */,
			);
			path = VKDemo1;
			sourceTree = "<group>";
		};
		324A99FC1C0027E800183EAA /* Supporting Files */ = {
			isa = PBXGroup;
			children = (
				324A99FD1C0027E800183EAA /* main.m */,
			);
			name = "Supporting Files";
			sourceTree = "<group>";
		};
		324A9A131C0028CC00183EAA /* Functional */ = {
			isa = PBXGroup;
			children = (
				324A9A141C0028D600183EAA /* NSArray+Functional.h */,
				324A9A151C0028D600183EAA /* NSArray+Functional.m */,
				324A9A161C0028D600183EAA /* NSDictionary+Functional.h */,
				324A9A171C0028D600183EAA /* NSDictionary+Functional.m */,
			);
			name = Functional;
			sourceTree = "<group>";
		};
		324A9A1E1C0029D200183EAA /* Products */ = {
			isa = PBXGroup;
			children = (
				324A9A251C0029D300183EAA /* libVKSdk.a */,
				324A9A271C0029D300183EAA /* VKSdkResources.bundle */,
				324A9A291C0029D300183EAA /* VKSdkFramework.framework */,
			);
			name = Products;
			sourceTree = "<group>";
		};
/* End PBXGroup section */

/* Begin PBXNativeTarget section */
		324A99F81C0027E800183EAA /* VKDemo1 */ = {
			isa = PBXNativeTarget;
			buildConfigurationList = 324A9A101C0027E800183EAA /* Build configuration list for PBXNativeTarget "VKDemo1" */;
			buildPhases = (
				324A99F51C0027E800183EAA /* Sources */,
				324A99F61C0027E800183EAA /* Frameworks */,
				324A99F71C0027E800183EAA /* Resources */,
				324A9A2E1C0029D900183EAA /* Embed Frameworks */,
			);
			buildRules = (
			);
			dependencies = (
				324A9A2D1C0029D900183EAA /* PBXTargetDependency */,
			);
			name = VKDemo1;
			productName = VKDemo1;
			productReference = 324A99F91C0027E800183EAA /* VKDemo1.app */;
			productType = "com.apple.product-type.application";
		};
/* End PBXNativeTarget section */

/* Begin PBXProject section */
		324A99F11C0027E800183EAA /* Project object */ = {
			isa = PBXProject;
			attributes = {
				LastUpgradeCheck = 0710;
				ORGANIZATIONNAME = "Aleksey Storozhev";
				TargetAttributes = {
					324A99F81C0027E800183EAA = {
						CreatedOnToolsVersion = 7.1;
					};
				};
			};
			buildConfigurationList = 324A99F41C0027E800183EAA /* Build configuration list for PBXProject "VKDemo1" */;
			compatibilityVersion = "Xcode 3.2";
			developmentRegion = English;
			hasScannedForEncodings = 0;
			knownRegions = (
				en,
				Base,
			);
			mainGroup = 324A99F01C0027E800183EAA;
			productRefGroup = 324A99FA1C0027E800183EAA /* Products */;
			projectDirPath = "";
			projectReferences = (
				{
					ProductGroup = 324A9A1E1C0029D200183EAA /* Products */;
					ProjectRef = 324A9A1D1C0029D200183EAA /* VK-ios-sdk.xcodeproj */;
				},
			);
			projectRoot = "";
			targets = (
				324A99F81C0027E800183EAA /* VKDemo1 */,
			);
		};
/* End PBXProject section */

/* Begin PBXReferenceProxy section */
		324A9A251C0029D300183EAA /* libVKSdk.a */ = {
			isa = PBXReferenceProxy;
			fileType = archive.ar;
			path = libVKSdk.a;
			remoteRef = 324A9A241C0029D300183EAA /* PBXContainerItemProxy */;
			sourceTree = BUILT_PRODUCTS_DIR;
		};
		324A9A271C0029D300183EAA /* VKSdkResources.bundle */ = {
			isa = PBXReferenceProxy;
			fileType = wrapper.cfbundle;
			path = VKSdkResources.bundle;
			remoteRef = 324A9A261C0029D300183EAA /* PBXContainerItemProxy */;
			sourceTree = BUILT_PRODUCTS_DIR;
		};
		324A9A291C0029D300183EAA /* VKSdkFramework.framework */ = {
			isa = PBXReferenceProxy;
			fileType = wrapper.framework;
			path = VKSdkFramework.framework;
			remoteRef = 324A9A281C0029D300183EAA /* PBXContainerItemProxy */;
			sourceTree = BUILT_PRODUCTS_DIR;
		};
/* End PBXReferenceProxy section */

/* Begin PBXResourcesBuildPhase section */
		324A99F71C0027E800183EAA /* Resources */ = {
			isa = PBXResourcesBuildPhase;
			buildActionMask = 2147483647;
			files = (
				324A9A0C1C0027E800183EAA /* LaunchScreen.storyboard in Resources */,
				324A9A091C0027E800183EAA /* Assets.xcassets in Resources */,
			);
			runOnlyForDeploymentPostprocessing = 0;
		};
/* End PBXResourcesBuildPhase section */

/* Begin PBXSourcesBuildPhase section */
		324A99F51C0027E800183EAA /* Sources */ = {
			isa = PBXSourcesBuildPhase;
			buildActionMask = 2147483647;
			files = (
				324A9A1C1C00291700183EAA /* ThumbnailsLayout.m in Sources */,
				324A9A191C0028D600183EAA /* NSDictionary+Functional.m in Sources */,
				324A9A041C0027E800183EAA /* ViewController.m in Sources */,
				324A9A181C0028D600183EAA /* NSArray+Functional.m in Sources */,
				324A9A011C0027E800183EAA /* AppDelegate.m in Sources */,
				324A99FE1C0027E800183EAA /* main.m in Sources */,
			);
			runOnlyForDeploymentPostprocessing = 0;
		};
/* End PBXSourcesBuildPhase section */

/* Begin PBXTargetDependency section */
		324A9A2D1C0029D900183EAA /* PBXTargetDependency */ = {
			isa = PBXTargetDependency;
			name = VKSdkFramework;
			targetProxy = 324A9A2C1C0029D900183EAA /* PBXContainerItemProxy */;
		};
/* End PBXTargetDependency section */

/* Begin PBXVariantGroup section */
		324A9A0A1C0027E800183EAA /* LaunchScreen.storyboard */ = {
			isa = PBXVariantGroup;
			children = (
				324A9A0B1C0027E800183EAA /* Base */,
			);
			name = LaunchScreen.storyboard;
			sourceTree = "<group>";
		};
/* End PBXVariantGroup section */

/* Begin XCBuildConfiguration section */
		324A9A0E1C0027E800183EAA /* Debug */ = {
			isa = XCBuildConfiguration;
			buildSettings = {
				ALWAYS_SEARCH_USER_PATHS = NO;
				CLANG_CXX_LANGUAGE_STANDARD = "gnu++0x";
				CLANG_CXX_LIBRARY = "libc++";
				CLANG_ENABLE_MODULES = YES;
				CLANG_ENABLE_OBJC_ARC = YES;
				CLANG_WARN_BOOL_CONVERSION = YES;
				CLANG_WARN_CONSTANT_CONVERSION = YES;
				CLANG_WARN_DIRECT_OBJC_ISA_USAGE = YES_ERROR;
				CLANG_WARN_EMPTY_BODY = YES;
				CLANG_WARN_ENUM_CONVERSION = YES;
				CLANG_WARN_INT_CONVERSION = YES;
				CLANG_WARN_OBJC_ROOT_CLASS = YES_ERROR;
				CLANG_WARN_UNREACHABLE_CODE = YES;
				CLANG_WARN__DUPLICATE_METHOD_MATCH = YES;
				"CODE_SIGN_IDENTITY[sdk=iphoneos*]" = "iPhone Developer";
				COPY_PHASE_STRIP = NO;
				DEBUG_INFORMATION_FORMAT = dwarf;
				ENABLE_STRICT_OBJC_MSGSEND = YES;
				ENABLE_TESTABILITY = YES;
				GCC_C_LANGUAGE_STANDARD = gnu99;
				GCC_DYNAMIC_NO_PIC = NO;
				GCC_NO_COMMON_BLOCKS = YES;
				GCC_OPTIMIZATION_LEVEL = 0;
				GCC_PREPROCESSOR_DEFINITIONS = (
					"DEBUG=1",
					"$(inherited)",
				);
				GCC_WARN_64_TO_32_BIT_CONVERSION = YES;
				GCC_WARN_ABOUT_RETURN_TYPE = YES_ERROR;
				GCC_WARN_UNDECLARED_SELECTOR = YES;
				GCC_WARN_UNINITIALIZED_AUTOS = YES_AGGRESSIVE;
				GCC_WARN_UNUSED_FUNCTION = YES;
				GCC_WARN_UNUSED_VARIABLE = YES;
				IPHONEOS_DEPLOYMENT_TARGET = 8.0;
				MTL_ENABLE_DEBUG_INFO = YES;
				ONLY_ACTIVE_ARCH = YES;
				SDKROOT = iphoneos;
			};
			name = Debug;
		};
		324A9A0F1C0027E800183EAA /* Release */ = {
			isa = XCBuildConfiguration;
			buildSettings = {
				ALWAYS_SEARCH_USER_PATHS = NO;
				CLANG_CXX_LANGUAGE_STANDARD = "gnu++0x";
				CLANG_CXX_LIBRARY = "libc++";
				CLANG_ENABLE_MODULES = YES;
				CLANG_ENABLE_OBJC_ARC = YES;
				CLANG_WARN_BOOL_CONVERSION = YES;
				CLANG_WARN_CONSTANT_CONVERSION = YES;
				CLANG_WARN_DIRECT_OBJC_ISA_USAGE = YES_ERROR;
				CLANG_WARN_EMPTY_BODY = YES;
				CLANG_WARN_ENUM_CONVERSION = YES;
				CLANG_WARN_INT_CONVERSION = YES;
				CLANG_WARN_OBJC_ROOT_CLASS = YES_ERROR;
				CLANG_WARN_UNREACHABLE_CODE = YES;
				CLANG_WARN__DUPLICATE_METHOD_MATCH = YES;
				"CODE_SIGN_IDENTITY[sdk=iphoneos*]" = "iPhone Developer";
				COPY_PHASE_STRIP = NO;
				DEBUG_INFORMATION_FORMAT = "dwarf-with-dsym";
				ENABLE_NS_ASSERTIONS = NO;
				ENABLE_STRICT_OBJC_MSGSEND = YES;
				GCC_C_LANGUAGE_STANDARD = gnu99;
				GCC_NO_COMMON_BLOCKS = YES;
				GCC_WARN_64_TO_32_BIT_CONVERSION = YES;
				GCC_WARN_ABOUT_RETURN_TYPE = YES_ERROR;
				GCC_WARN_UNDECLARED_SELECTOR = YES;
				GCC_WARN_UNINITIALIZED_AUTOS = YES_AGGRESSIVE;
				GCC_WARN_UNUSED_FUNCTION = YES;
				GCC_WARN_UNUSED_VARIABLE = YES;
				IPHONEOS_DEPLOYMENT_TARGET = 8.0;
				MTL_ENABLE_DEBUG_INFO = NO;
				SDKROOT = iphoneos;
				VALIDATE_PRODUCT = YES;
			};
			name = Release;
		};
		324A9A111C0027E800183EAA /* Debug */ = {
			isa = XCBuildConfiguration;
			buildSettings = {
				ASSETCATALOG_COMPILER_APPICON_NAME = AppIcon;
				INFOPLIST_FILE = VKDemo1/Info.plist;
				LD_RUNPATH_SEARCH_PATHS = "$(inherited) @executable_path/Frameworks";
				PRODUCT_BUNDLE_IDENTIFIER = com.vk.VKDemo1;
				PRODUCT_NAME = "$(TARGET_NAME)";
				TARGETED_DEVICE_FAMILY = "1,2";
			};
			name = Debug;
		};
		324A9A121C0027E800183EAA /* Release */ = {
			isa = XCBuildConfiguration;
			buildSettings = {
				ASSETCATALOG_COMPILER_APPICON_NAME = AppIcon;
				INFOPLIST_FILE = VKDemo1/Info.plist;
				LD_RUNPATH_SEARCH_PATHS = "$(inherited) @executable_path/Frameworks";
				PRODUCT_BUNDLE_IDENTIFIER = com.vk.VKDemo1;
				PRODUCT_NAME = "$(TARGET_NAME)";
				TARGETED_DEVICE_FAMILY = "1,2";
			};
			name = Release;
		};
/* End XCBuildConfiguration section */

/* Begin XCConfigurationList section */
		324A99F41C0027E800183EAA /* Build configuration list for PBXProject "VKDemo1" */ = {
			isa = XCConfigurationList;
			buildConfigurations = (
				324A9A0E1C0027E800183EAA /* Debug */,
				324A9A0F1C0027E800183EAA /* Release */,
			);
			defaultConfigurationIsVisible = 0;
			defaultConfigurationName = Release;
		};
		324A9A101C0027E800183EAA /* Build configuration list for PBXNativeTarget "VKDemo1" */ = {
			isa = XCConfigurationList;
			buildConfigurations = (
				324A9A111C0027E800183EAA /* Debug */,
				324A9A121C0027E800183EAA /* Release */,
			);
			defaultConfigurationIsVisible = 0;
		};
/* End XCConfigurationList section */
	};
	rootObject = 324A99F11C0027E800183EAA /* Project object */;
}
